
Microsoft Visual Studio Solution File, Format Version 12.00
# Visual Studio 2013
VisualStudioVersion = 12.0.21005.1
MinimumVisualStudioVersion = 10.0.40219.1
Project("{FAE04EC0-301F-11D3-BF4B-00C04F79EFBC}") = "02.DataTypeAndVariables", "02.DataTypeAndVariables\02.DataTypeAndVariables.csproj", "{6903B48A-9BD4-4A4B-8190-6219B3DDEDAA}"
EndProject
Global
	GlobalSection(SolutionConfigurationPlatforms) = preSolution
		Debug|Any CPU = Debug|Any CPU
		Release|Any CPU = Release|Any CPU
	EndGlobalSection
	GlobalSection(ProjectConfigurationPlatforms) = postSolution
		{6903B48A-9BD4-4A4B-8190-6219B3DDEDAA}.Debug|Any CPU.ActiveCfg = Debug|Any CPU
		{6903B48A-9BD4-4A4B-8190-6219B3DDEDAA}.Debug|Any CPU.Build.0 = Debug|Any CPU
		{6903B48A-9BD4-4A4B-8190-6219B3DDEDAA}.Release|Any CPU.ActiveCfg = Release|Any CPU
		{6903B48A-9BD4-4A4B-8190-6219B3DDEDAA}.Release|Any CPU.Build.0 = Release|Any CPU
	EndGlobalSection
	GlobalSection(SolutionProperties) = preSolution
		HideSolutionNode = FALSE
	EndGlobalSection
EndGlobal
